schema: '2.0'
stages:
  preprocess:
    cmd: uv run python scripts/pipeline/preprocess.py
    deps:
    - path: data/raw/events.csv
      hash: md5
      md5: fddaf7c1c6a9df23a726500a08ffdd7e
      size: 94237913
      isexec: true
    - path: scripts/pipeline/preprocess.py
      hash: md5
      md5: c290d5194129bba6ca26801dd1ebbd6f
      size: 6315
      isexec: true
    - path: src/recsys_ecommerce/preprocessing
      hash: md5
      md5: bf0ab0da4c0d487421e0b240762a997b.dir
      size: 14223
      nfiles: 5
    params:
      configs/model.yaml:
        eval_negative_samples: 99
        min_interactions: 3
        negative_sampling_ratio: 4
    outs:
    - path: data/processed/interactions
      hash: md5
      md5: 82225ec676af26f6bb093a044a772f39.dir
      size: 125871022
      nfiles: 6
  feature_eng:
    cmd: uv run python scripts/pipeline/feature_eng.py
    deps:
    - path: data/processed/interactions
      hash: md5
      md5: 82225ec676af26f6bb093a044a772f39.dir
      size: 125871022
      nfiles: 6
    - path: data/raw/category_tree.csv
      hash: md5
      md5: f0e1eb878ae66209004112f6355d7e83
      size: 14454
      isexec: true
    - path: data/raw/item_properties_part1.csv
      hash: md5
      md5: cb43a0682a1af76f1c1b60f9163ae47b
      size: 484315749
      isexec: true
    - path: data/raw/item_properties_part2.csv
      hash: md5
      md5: e74ec953e7b192920b195dfd82dc2a4e
      size: 408929907
      isexec: true
    - path: scripts/pipeline/feature_eng.py
      hash: md5
      md5: 0b8304629acefc05e5e9f0ecac64706d
      size: 2204
      isexec: true
    - path: src/recsys_ecommerce/features
      hash: md5
      md5: dcf0ba7041c09305715cdb8ec4d9e4c2.dir
      size: 76262
      nfiles: 10
    params:
      configs/model.yaml:
        winning_feature_set: fe_v4
    outs:
    - path: data/processed/fe_v4
      hash: md5
      md5: c36dec50cff8f376d592e9041e8502cf.dir
      size: 297750175
      nfiles: 6
  train_baseline:
    cmd: uv run python scripts/pipeline/train_baseline.py
    deps:
    - path: data/processed/fe_v4
      hash: md5
      md5: c36dec50cff8f376d592e9041e8502cf.dir
      size: 297750175
      nfiles: 6
    - path: scripts/pipeline/_common.py
      hash: md5
      md5: 3a959b29e3bfa6ffe2e3564641d8e7ce
      size: 9151
      isexec: true
    - path: scripts/pipeline/train_baseline.py
      hash: md5
      md5: cc26342baa1625d84a81fd3bac4b5b92
      size: 690
      isexec: true
    - path: src/recsys_ecommerce/models
      hash: md5
      md5: 16bb251d0442dfb63152e359bf478ac9.dir
      size: 62984
      nfiles: 17
    - path: src/recsys_ecommerce/tracking
      hash: md5
      md5: f3db3492007e6a91fbb1d5526ef023a4.dir
      size: 30000
      nfiles: 4
    params:
      configs/model.yaml:
        logreg_c: 10000.0
        logreg_max_iter: 1000
        logreg_solver: lbfgs
        registered_model_name: recsys_ecommerce
        winning_feature_set: fe_v4
    outs:
    - path: reports/logreg_metrics.json
      hash: md5
      md5: 55b3b38d2bed4c14922eb3d316b8bcd5
      size: 37
  train_decision_tree:
    cmd: uv run python scripts/pipeline/train_decision_tree.py
    deps:
    - path: data/processed/fe_v4
      hash: md5
      md5: c36dec50cff8f376d592e9041e8502cf.dir
      size: 297750175
      nfiles: 6
    - path: scripts/pipeline/_common.py
      hash: md5
      md5: 3a959b29e3bfa6ffe2e3564641d8e7ce
      size: 9151
      isexec: true
    - path: scripts/pipeline/train_decision_tree.py
      hash: md5
      md5: be291a0f4daa17082cb5a80e98bbdf04
      size: 765
      isexec: true
    - path: src/recsys_ecommerce/models
      hash: md5
      md5: 16bb251d0442dfb63152e359bf478ac9.dir
      size: 62984
      nfiles: 17
    - path: src/recsys_ecommerce/tracking
      hash: md5
      md5: f3db3492007e6a91fbb1d5526ef023a4.dir
      size: 30000
      nfiles: 4
    params:
      configs/model.yaml:
        decision_tree_max_depth: 4
        decision_tree_min_samples_leaf: 5
        decision_tree_min_samples_split: 20
        registered_model_name: recsys_ecommerce
        winning_feature_set: fe_v4
    outs:
    - path: reports/decision_tree_metrics.json
      hash: md5
      md5: 71c9e181a110779fb6d3147d5d03df5e
      size: 38
  train_xgboost:
    cmd: uv run python scripts/pipeline/train_xgboost.py
    deps:
    - path: data/processed/fe_v4
      hash: md5
      md5: c36dec50cff8f376d592e9041e8502cf.dir
      size: 297750175
      nfiles: 6
    - path: scripts/pipeline/_common.py
      hash: md5
      md5: 3a959b29e3bfa6ffe2e3564641d8e7ce
      size: 9151
      isexec: true
    - path: scripts/pipeline/train_xgboost.py
      hash: md5
      md5: 7efcac0c19d6c58ae3f2f7ee471bed3a
      size: 865
      isexec: true
    - path: src/recsys_ecommerce/models
      hash: md5
      md5: 16bb251d0442dfb63152e359bf478ac9.dir
      size: 62984
      nfiles: 17
    - path: src/recsys_ecommerce/tracking
      hash: md5
      md5: f3db3492007e6a91fbb1d5526ef023a4.dir
      size: 30000
      nfiles: 4
    params:
      configs/model.yaml:
        registered_model_name: recsys_ecommerce
        winning_feature_set: fe_v4
        xgboost_colsample_bytree: 0.5
        xgboost_learning_rate: 0.005
        xgboost_max_depth: 6
        xgboost_n_estimators: 50
        xgboost_reg_alpha: 0.1
        xgboost_reg_lambda: 1.0
        xgboost_subsample: 0.8
    outs:
    - path: reports/xgboost_metrics.json
      hash: md5
      md5: 0cc612d2b22624c76426dd99815efaad
      size: 37
  train_lightgbm:
    cmd: uv run python scripts/pipeline/train_lightgbm.py
    deps:
    - path: data/processed/fe_v4
      hash: md5
      md5: c36dec50cff8f376d592e9041e8502cf.dir
      size: 297750175
      nfiles: 6
    - path: scripts/pipeline/_common.py
      hash: md5
      md5: 3a959b29e3bfa6ffe2e3564641d8e7ce
      size: 9151
      isexec: true
    - path: scripts/pipeline/train_lightgbm.py
      hash: md5
      md5: 968fa9c0d8bfa088e892c584a002f8f0
      size: 923
      isexec: true
    - path: src/recsys_ecommerce/models
      hash: md5
      md5: 16bb251d0442dfb63152e359bf478ac9.dir
      size: 62984
      nfiles: 17
    - path: src/recsys_ecommerce/tracking
      hash: md5
      md5: f3db3492007e6a91fbb1d5526ef023a4.dir
      size: 30000
      nfiles: 4
    params:
      configs/model.yaml:
        lightgbm_colsample_bytree: 0.6
        lightgbm_learning_rate: 0.005
        lightgbm_max_depth: 10
        lightgbm_n_estimators: 100
        lightgbm_num_leaves: 7
        lightgbm_reg_alpha: 0.0
        lightgbm_reg_lambda: 0.0
        lightgbm_subsample: 1.0
        registered_model_name: recsys_ecommerce
        winning_feature_set: fe_v4
    outs:
    - path: reports/lightgbm_metrics.json
      hash: md5
      md5: 356dcd7d770db42ac53cb33d4231fdf7
      size: 37
  train_neural_mlp:
    cmd: uv run python scripts/pipeline/train_neural_mlp.py
    deps:
    - path: data/processed/fe_v4
      hash: md5
      md5: c36dec50cff8f376d592e9041e8502cf.dir
      size: 297750175
      nfiles: 6
    - path: scripts/pipeline/_common.py
      hash: md5
      md5: 3a959b29e3bfa6ffe2e3564641d8e7ce
      size: 9151
      isexec: true
    - path: scripts/pipeline/train_neural_mlp.py
      hash: md5
      md5: 6ae4c03df145cd671d5b784f40cba7c7
      size: 5821
      isexec: true
    - path: src/recsys_ecommerce/models/neural_mlp.py
      hash: md5
      md5: 75ef2818b136f16f3ccc093af4ba21dc
      size: 11219
      isexec: true
    - path: src/recsys_ecommerce/tracking
      hash: md5
      md5: f3db3492007e6a91fbb1d5526ef023a4.dir
      size: 30000
      nfiles: 4
    params:
      configs/model.yaml:
        mlp_batch_size: 512
        mlp_dropout: 0.0
        mlp_eval_every_n_epochs: 5
        mlp_hidden_dims:
        - 64
        mlp_lr: 0.01
        mlp_max_epochs: 100
        mlp_patience: 5
        mlp_weight_decay: 0.0001
        mlp_weighted_loss: false
        registered_model_name: recsys_ecommerce
        winning_feature_set: fe_v4
    outs:
    - path: reports/mlp_metrics.json
      hash: md5
      md5: 74a628e0582e7ffcb2d6bc555eb3cabe
      size: 37
  promote_best_model:
    cmd: uv run python scripts/pipeline/promote_best_model.py
    deps:
    - path: reports/decision_tree_metrics.json
      hash: md5
      md5: 71c9e181a110779fb6d3147d5d03df5e
      size: 38
    - path: reports/lightgbm_metrics.json
      hash: md5
      md5: 356dcd7d770db42ac53cb33d4231fdf7
      size: 37
    - path: reports/logreg_metrics.json
      hash: md5
      md5: 55b3b38d2bed4c14922eb3d316b8bcd5
      size: 37
    - path: reports/mlp_metrics.json
      hash: md5
      md5: 74a628e0582e7ffcb2d6bc555eb3cabe
      size: 37
    - path: reports/xgboost_metrics.json
      hash: md5
      md5: 0cc612d2b22624c76426dd99815efaad
      size: 37
    - path: scripts/pipeline/promote_best_model.py
      hash: md5
      md5: 39d205bc6f697182a8d6124342216d04
      size: 2690
      isexec: true
    params:
      configs/model.yaml:
        registered_model_name: recsys_ecommerce
    outs:
    - path: reports/metrics.json
      hash: md5
      md5: 1642120c7bbb2f7f099908d8f591479c
      size: 431
